
Microsoft Visual Studio Solution File, Format Version 12.00
# Visual Studio Version 16
VisualStudioVersion = 16.0.29728.190
MinimumVisualStudioVersion = 10.0.40219.1
Project("{FAE04EC0-301F-11D3-BF4B-00C04F79EFBC}") = "COMP123_M2020_LAB4", "COMP123_M2020_LAB4\COMP123_M2020_LAB4.csproj", "{C4182CFD-EC6D-4BD6-BD6A-A3E15E7056C3}"
EndProject
Global
	GlobalSection(SolutionConfigurationPlatforms) = preSolution
		Debug|Any CPU = Debug|Any CPU
		Release|Any CPU = Release|Any CPU
	EndGlobalSection
	GlobalSection(ProjectConfigurationPlatforms) = postSolution
		{C4182CFD-EC6D-4BD6-BD6A-A3E15E7056C3}.Debug|Any CPU.ActiveCfg = Debug|Any CPU
		{C4182CFD-EC6D-4BD6-BD6A-A3E15E7056C3}.Debug|Any CPU.Build.0 = Debug|Any CPU
		{C4182CFD-EC6D-4BD6-BD6A-A3E15E7056C3}.Release|Any CPU.ActiveCfg = Release|Any CPU
		{C4182CFD-EC6D-4BD6-BD6A-A3E15E7056C3}.Release|Any CPU.Build.0 = Release|Any CPU
	EndGlobalSection
	GlobalSection(SolutionProperties) = preSolution
		HideSolutionNode = FALSE
	EndGlobalSection
	GlobalSection(ExtensibilityGlobals) = postSolution
		SolutionGuid = {E162A0A4-F0B4-4A9D-AD30-97569D024B45}
	EndGlobalSection
EndGlobal
